
Microsoft Visual Studio Solution File, Format Version 12.00
# Visual Studio Version 17
VisualStudioVersion = 17.11.35312.102
MinimumVisualStudioVersion = 10.0.40219.1
Project("{FAE04EC0-301F-11D3-BF4B-00C04F79EFBC}") = "CardManagement", "CardManagement.csproj", "{B2182C23-5B69-423D-9CB6-B5DFD44F1D5B}"
EndProject
Project("{FAE04EC0-301F-11D3-BF4B-00C04F79EFBC}") = "CardManagement.Model", "..\CardManagement.Model\CardManagement.Model.csproj", "{796B21AB-E49E-4324-A8DA-56F7DA35B0F2}"
EndProject
Global
	GlobalSection(SolutionConfigurationPlatforms) = preSolution
		Debug|Any CPU = Debug|Any CPU
		Release|Any CPU = Release|Any CPU
	EndGlobalSection
	GlobalSection(ProjectConfigurationPlatforms) = postSolution
		{B2182C23-5B69-423D-9CB6-B5DFD44F1D5B}.Debug|Any CPU.ActiveCfg = Debug|Any CPU
		{B2182C23-5B69-423D-9CB6-B5DFD44F1D5B}.Debug|Any CPU.Build.0 = Debug|Any CPU
		{B2182C23-5B69-423D-9CB6-B5DFD44F1D5B}.Release|Any CPU.ActiveCfg = Release|Any CPU
		{B2182C23-5B69-423D-9CB6-B5DFD44F1D5B}.Release|Any CPU.Build.0 = Release|Any CPU
		{796B21AB-E49E-4324-A8DA-56F7DA35B0F2}.Debug|Any CPU.ActiveCfg = Debug|Any CPU
		{796B21AB-E49E-4324-A8DA-56F7DA35B0F2}.Debug|Any CPU.Build.0 = Debug|Any CPU
		{796B21AB-E49E-4324-A8DA-56F7DA35B0F2}.Release|Any CPU.ActiveCfg = Release|Any CPU
		{796B21AB-E49E-4324-A8DA-56F7DA35B0F2}.Release|Any CPU.Build.0 = Release|Any CPU
	EndGlobalSection
	GlobalSection(SolutionProperties) = preSolution
		HideSolutionNode = FALSE
	EndGlobalSection
	GlobalSection(ExtensibilityGlobals) = postSolution
		SolutionGuid = {5C5B32A4-9168-4B1B-94CC-34F1D03C1FFD}
	EndGlobalSection
EndGlobal
